github.com/IvMaslov/socket v0.0.0-20240831144830-96f8acc61138 h1:GIkdDrelAXMIcxaY+JZ/Aj7C3pPM88HeCJwHtAfIX4E=
github.com/IvMaslov/socket v0.0.0-20240831144830-96f8acc61138/go.mod h1:ko+D8uje6S7ekG3lG9utP6+Xnam8p3Ioesbj1tFo+Hk=
github.com/IvMaslov/socket v0.0.0-20240915140105-462ec1eaaa87 h1:M2OQlROrorjvkX5LZ9N+flTl9FBR52hJ4UFaUjePyeQ=
github.com/IvMaslov/socket v0.0.0-20240915140105-462ec1eaaa87/go.mod h1:ko+D8uje6S7ekG3lG9utP6+Xnam8p3Ioesbj1tFo+Hk=
