github.com/IvMaslov/netutils v0.0.0-20250613151358-2bd710048a5c h1:ljqTKXuJcbjCM/cIuGwiOp8IbFYMFwnF9mBd5UGsbi0=
github.com/IvMaslov/netutils v0.0.0-20250613151358-2bd710048a5c/go.mod h1:8wuDrqweD5qifzHs2GUR1j9lako87YlIfsdyZe0Ezzc=
github.com/IvMaslov/socket v0.0.0-20250613111109-788cc7fc69d5 h1:wRZOZ5VDd/mRzKb4c9SoQ1NnvUgMB4rwd3L+A3jDPT0=
github.com/IvMaslov/socket v0.0.0-20250613111109-788cc7fc69d5/go.mod h1:tRvwAUJGFHMM15nySIKZG17zp6IrlWBG+EJMxHrETpU=
